
Microsoft Visual Studio Solution File, Format Version 12.00
# Visual Studio Version 17
VisualStudioVersion = 17.2.32616.157
MinimumVisualStudioVersion = 10.0.40219.1
Project("{9A19103F-16F7-4668-BE54-9A1E7A4F7556}") = "HanoiTower", "HanoiTower\HanoiTower.csproj", "{79D4E401-ECB5-4D5F-B925-AA15B06A33E4}"
EndProject
Project("{FAE04EC0-301F-11D3-BF4B-00C04F79EFBC}") = "HanoiTower.Core", "HanoiTower.Core\HanoiTower.Core.csproj", "{9E5E22AC-AF20-446D-9456-B988DE1B30FC}"
EndProject
Global
	GlobalSection(SolutionConfigurationPlatforms) = preSolution
		Debug|Any CPU = Debug|Any CPU
		Release|Any CPU = Release|Any CPU
	EndGlobalSection
	GlobalSection(ProjectConfigurationPlatforms) = postSolution
		{79D4E401-ECB5-4D5F-B925-AA15B06A33E4}.Debug|Any CPU.ActiveCfg = Debug|Any CPU
		{79D4E401-ECB5-4D5F-B925-AA15B06A33E4}.Debug|Any CPU.Build.0 = Debug|Any CPU
		{79D4E401-ECB5-4D5F-B925-AA15B06A33E4}.Release|Any CPU.ActiveCfg = Release|Any CPU
		{79D4E401-ECB5-4D5F-B925-AA15B06A33E4}.Release|Any CPU.Build.0 = Release|Any CPU
		{9E5E22AC-AF20-446D-9456-B988DE1B30FC}.Debug|Any CPU.ActiveCfg = Debug|Any CPU
		{9E5E22AC-AF20-446D-9456-B988DE1B30FC}.Debug|Any CPU.Build.0 = Debug|Any CPU
		{9E5E22AC-AF20-446D-9456-B988DE1B30FC}.Release|Any CPU.ActiveCfg = Release|Any CPU
		{9E5E22AC-AF20-446D-9456-B988DE1B30FC}.Release|Any CPU.Build.0 = Release|Any CPU
	EndGlobalSection
	GlobalSection(SolutionProperties) = preSolution
		HideSolutionNode = FALSE
	EndGlobalSection
	GlobalSection(ExtensibilityGlobals) = postSolution
		SolutionGuid = {644B919C-C958-40C7-A35B-FD94BF27EB20}
	EndGlobalSection
EndGlobal
